Microsoft Visual Studio Solution File, Format Version 12.00
# Visual Studio Version 17
VisualStudioVersion = 17.5.2.0
MinimumVisualStudioVersion = 10.0.40219.1
Project("{FAE04EC0-301F-11D3-BF4B-00C04F79EFBC}") = "Produktpris med metoder", "Produktpris med metoder.csproj", "{6F2B85CD-E59D-7A0D-3482-A3959DD8390A}"
EndProject
Global
	GlobalSection(SolutionConfigurationPlatforms) = preSolution
		Debug|Any CPU = Debug|Any CPU
		Release|Any CPU = Release|Any CPU
	EndGlobalSection
	GlobalSection(ProjectConfigurationPlatforms) = postSolution
		{6F2B85CD-E59D-7A0D-3482-A3959DD8390A}.Debug|Any CPU.ActiveCfg = Debug|Any CPU
		{6F2B85CD-E59D-7A0D-3482-A3959DD8390A}.Debug|Any CPU.Build.0 = Debug|Any CPU
		{6F2B85CD-E59D-7A0D-3482-A3959DD8390A}.Release|Any CPU.ActiveCfg = Release|Any CPU
		{6F2B85CD-E59D-7A0D-3482-A3959DD8390A}.Release|Any CPU.Build.0 = Release|Any CPU
	EndGlobalSection
	GlobalSection(SolutionProperties) = preSolution
		HideSolutionNode = FALSE
	EndGlobalSection
	GlobalSection(ExtensibilityGlobals) = postSolution
		SolutionGuid = {7595CCF8-5D86-42A7-9E8B-9F4C217C8165}
	EndGlobalSection
EndGlobal
